
Microsoft Visual Studio Solution File, Format Version 12.00
# Visual Studio Version 17
VisualStudioVersion = 17.2.32616.157
MinimumVisualStudioVersion = 10.0.40219.1
Project("{FAE04EC0-301F-11D3-BF4B-00C04F79EFBC}") = "MSL", "MSL\MSL.csproj", "{88EE4C55-A2E5-40CB-81DF-22EC5DD0858A}"
EndProject
Project("{2150E333-8FDC-42A3-9474-1A3956D46DE8}") = "Solution Items", "Solution Items", "{0D3A1BC5-615F-4C52-B38F-E4DC8D391757}"
	ProjectSection(SolutionItems) = preProject
		.editorconfig = .editorconfig
	EndProjectSection
EndProject
Project("{D954291E-2A0B-460D-934E-DC6B0785DB48}") = "HandyControl_Shared", "..\Repos\HandyControls\src\Shared\HandyControl_Shared\HandyControl_Shared.shproj", "{AAC11083-FACA-405D-9197-5C1212D65656}"
EndProject
Project("{9A19103F-16F7-4668-BE54-9A1E7A4F7556}") = "HandyControl_Net_GE45", "..\Repos\HandyControls\src\Net_GE45\HandyControl_Net_GE45\HandyControl_Net_GE45.csproj", "{F7FCDC09-A0DB-4AF8-8871-046A6D72E2FC}"
EndProject
Global
	GlobalSection(SolutionConfigurationPlatforms) = preSolution
		Debug|Any CPU = Debug|Any CPU
		Debug|x64 = Debug|x64
		Release|Any CPU = Release|Any CPU
		Release|x64 = Release|x64
	EndGlobalSection
	GlobalSection(ProjectConfigurationPlatforms) = postSolution
		{88EE4C55-A2E5-40CB-81DF-22EC5DD0858A}.Debug|Any CPU.ActiveCfg = Debug|Any CPU
		{88EE4C55-A2E5-40CB-81DF-22EC5DD0858A}.Debug|Any CPU.Build.0 = Debug|Any CPU
		{88EE4C55-A2E5-40CB-81DF-22EC5DD0858A}.Debug|x64.ActiveCfg = Debug|x64
		{88EE4C55-A2E5-40CB-81DF-22EC5DD0858A}.Debug|x64.Build.0 = Debug|x64
		{88EE4C55-A2E5-40CB-81DF-22EC5DD0858A}.Release|Any CPU.ActiveCfg = Release|Any CPU
		{88EE4C55-A2E5-40CB-81DF-22EC5DD0858A}.Release|Any CPU.Build.0 = Release|Any CPU
		{88EE4C55-A2E5-40CB-81DF-22EC5DD0858A}.Release|x64.ActiveCfg = Release|x64
		{88EE4C55-A2E5-40CB-81DF-22EC5DD0858A}.Release|x64.Build.0 = Release|x64
		{F7FCDC09-A0DB-4AF8-8871-046A6D72E2FC}.Debug|Any CPU.ActiveCfg = Debug|Any CPU
		{F7FCDC09-A0DB-4AF8-8871-046A6D72E2FC}.Debug|Any CPU.Build.0 = Debug|Any CPU
		{F7FCDC09-A0DB-4AF8-8871-046A6D72E2FC}.Debug|x64.ActiveCfg = Debug|Any CPU
		{F7FCDC09-A0DB-4AF8-8871-046A6D72E2FC}.Debug|x64.Build.0 = Debug|Any CPU
		{F7FCDC09-A0DB-4AF8-8871-046A6D72E2FC}.Release|Any CPU.ActiveCfg = Release|Any CPU
		{F7FCDC09-A0DB-4AF8-8871-046A6D72E2FC}.Release|Any CPU.Build.0 = Release|Any CPU
		{F7FCDC09-A0DB-4AF8-8871-046A6D72E2FC}.Release|x64.ActiveCfg = Release|Any CPU
		{F7FCDC09-A0DB-4AF8-8871-046A6D72E2FC}.Release|x64.Build.0 = Release|Any CPU
	EndGlobalSection
	GlobalSection(SolutionProperties) = preSolution
		HideSolutionNode = FALSE
	EndGlobalSection
	GlobalSection(ExtensibilityGlobals) = postSolution
		SolutionGuid = {E240EAC6-E75A-4E07-90D7-FF1FAF2FCC91}
	EndGlobalSection
	GlobalSection(SharedMSBuildProjectFiles) = preSolution
		..\Repos\HandyControls\src\Shared\HandyControl_Shared\HandyControl_Shared.projitems*{aac11083-faca-405d-9197-5c1212d65656}*SharedItemsImports = 13
		..\Repos\HandyControls\src\Shared\HandyControl_Shared\HandyControl_Shared.projitems*{f7fcdc09-a0db-4af8-8871-046a6d72e2fc}*SharedItemsImports = 5
		..\Repos\HandyControls\src\Shared\Microsoft.Expression.Drawing\Microsoft.Expression.Drawing.projitems*{f7fcdc09-a0db-4af8-8871-046a6d72e2fc}*SharedItemsImports = 5
		..\Repos\HandyControls\src\Shared\Microsoft.Expression.Interactions\Microsoft.Expression.Interactions.projitems*{f7fcdc09-a0db-4af8-8871-046a6d72e2fc}*SharedItemsImports = 5
		..\Repos\HandyControls\src\Shared\System.Windows.Interactivity\System.Windows.Interactivity.projitems*{f7fcdc09-a0db-4af8-8871-046a6d72e2fc}*SharedItemsImports = 5
	EndGlobalSection
EndGlobal
